// !$*UTF8*$!
{
	archiveVersion = 1;
	classes = {
	};
	objectVersion = 46;
	objects = {

/* Begin PBXBuildFile section */
		191195511DD8785300EEBBB4 /* ApplicationModel.swift in Sources */ = {isa = PBXBuildFile; fileRef = 191195501DD8785300EEBBB4 /* ApplicationModel.swift */; };
		191195561DD8ACF500EEBBB4 /* main.swift in Sources */ = {isa = PBXBuildFile; fileRef = 191195551DD8ACF500EEBBB4 /* main.swift */; };
		1911955A1DD8C14700EEBBB4 /* MediaModel.swift in Sources */ = {isa = PBXBuildFile; fileRef = 191195591DD8C14700EEBBB4 /* MediaModel.swift */; };
		1911955C1DD8C2B500EEBBB4 /* AppGroupModel.swift in Sources */ = {isa = PBXBuildFile; fileRef = 1911955B1DD8C2B500EEBBB4 /* AppGroupModel.swift */; };
		192880361DE8959200A5A13A /* ScriptTests.swift in Sources */ = {isa = PBXBuildFile; fileRef = 192880351DE8959200A5A13A /* ScriptTests.swift */; };
		1931AA971DE214D300B78D40 /* CommandViewController.xib in Resources */ = {isa = PBXBuildFile; fileRef = 1931AA961DE214D300B78D40 /* CommandViewController.xib */; };
		1931AA991DE214DA00B78D40 /* CommandViewController.swift in Sources */ = {isa = PBXBuildFile; fileRef = 1931AA981DE214DA00B78D40 /* CommandViewController.swift */; };
		19460C921DD78EA900894FBA /* AppDelegate.swift in Sources */ = {isa = PBXBuildFile; fileRef = 19460C911DD78EA900894FBA /* AppDelegate.swift */; };
		19460C941DD78EA900894FBA /* Assets.xcassets in Resources */ = {isa = PBXBuildFile; fileRef = 19460C931DD78EA900894FBA /* Assets.xcassets */; };
		19460C971DD78EA900894FBA /* MainMenu.xib in Resources */ = {isa = PBXBuildFile; fileRef = 19460C951DD78EA900894FBA /* MainMenu.xib */; };
		19460CAD1DD78FC000894FBA /* MainMenuController.swift in Sources */ = {isa = PBXBuildFile; fileRef = 19460CAC1DD78FC000894FBA /* MainMenuController.swift */; };
		19460CB41DD83C1E00894FBA /* DeviceModel.swift in Sources */ = {isa = PBXBuildFile; fileRef = 19460CB31DD83C1E00894FBA /* DeviceModel.swift */; };
		1996BFDF1EE335B2009B6E83 /* FileManager.swift in Sources */ = {isa = PBXBuildFile; fileRef = 1996BFD51EE335B2009B6E83 /* FileManager.swift */; };
		1996BFE01EE335B2009B6E83 /* ShortcutMonitor.swift in Sources */ = {isa = PBXBuildFile; fileRef = 1996BFD61EE335B2009B6E83 /* ShortcutMonitor.swift */; };
		1996BFE11EE335B2009B6E83 /* Application.swift in Sources */ = {isa = PBXBuildFile; fileRef = 1996BFD71EE335B2009B6E83 /* Application.swift */; };
		1996BFE31EE335B2009B6E83 /* Menu.swift in Sources */ = {isa = PBXBuildFile; fileRef = 1996BFD91EE335B2009B6E83 /* Menu.swift */; };
		1996BFE41EE335B2009B6E83 /* TextView.swift in Sources */ = {isa = PBXBuildFile; fileRef = 1996BFDA1EE335B2009B6E83 /* TextView.swift */; };
		1996BFE51EE335B2009B6E83 /* ViewController.swift in Sources */ = {isa = PBXBuildFile; fileRef = 1996BFDB1EE335B2009B6E83 /* ViewController.swift */; };
		1996BFE61EE335B2009B6E83 /* Process.swift in Sources */ = {isa = PBXBuildFile; fileRef = 1996BFDC1EE335B2009B6E83 /* Process.swift */; };
		1996BFE71EE335B2009B6E83 /* MD5.swift in Sources */ = {isa = PBXBuildFile; fileRef = 1996BFDD1EE335B2009B6E83 /* MD5.swift */; };
		1996BFE81EE335B2009B6E83 /* URL.swift in Sources */ = {isa = PBXBuildFile; fileRef = 1996BFDE1EE335B2009B6E83 /* URL.swift */; };
		199D0B111DDE0F0800207D53 /* CommandModel.swift in Sources */ = {isa = PBXBuildFile; fileRef = 199D0B101DDE0F0800207D53 /* CommandModel.swift */; };
		19B698241DE72AAE00AD3876 /* CommandTransformer.swift in Sources */ = {isa = PBXBuildFile; fileRef = 19B698231DE72AAE00AD3876 /* CommandTransformer.swift */; };
		19C680BD1DF2EAB0008CC5FE /* TySimulatorKevlar.m in Sources */ = {isa = PBXBuildFile; fileRef = 19C680BC1DF2EAB0008CC5FE /* TySimulatorKevlar.m */; };
		19C680C31DF32F0C008CC5FE /* LicenseInfoStepController.swift in Sources */ = {isa = PBXBuildFile; fileRef = 19C680C21DF32F0C008CC5FE /* LicenseInfoStepController.swift */; };
		19C680C51DF33DA6008CC5FE /* LicenseInfoStepView.xib in Resources */ = {isa = PBXBuildFile; fileRef = 19C680C41DF33DA6008CC5FE /* LicenseInfoStepView.xib */; };
		19C680C71DF34AC4008CC5FE /* ActivationWindow.xib in Resources */ = {isa = PBXBuildFile; fileRef = 19C680C61DF34AC4008CC5FE /* ActivationWindow.xib */; };
		19E629A61DE0D82A00FE572B /* ShortcutTableCellView.swift in Sources */ = {isa = PBXBuildFile; fileRef = 19E629A51DE0D82A00FE572B /* ShortcutTableCellView.swift */; };
		19F94A1B1DDCBAA100AECF3B /* GeneralPreferencesViewController.swift in Sources */ = {isa = PBXBuildFile; fileRef = 19F94A1A1DDCBAA100AECF3B /* GeneralPreferencesViewController.swift */; };
		19F94A1D1DDCBAAE00AECF3B /* GeneralPreferencesViewController.xib in Resources */ = {isa = PBXBuildFile; fileRef = 19F94A1C1DDCBAAE00AECF3B /* GeneralPreferencesViewController.xib */; };
		19F94A1F1DDCBF7C00AECF3B /* Preference.swift in Sources */ = {isa = PBXBuildFile; fileRef = 19F94A1E1DDCBF7C00AECF3B /* Preference.swift */; };
		5FDF5C40919F112EA90BE658 /* Pods_TySimulator.framework in Frameworks */ = {isa = PBXBuildFile; fileRef = C95487967A0430FF08ADBE00 /* Pods_TySimulator.framework */; };
		D665686CF28115CB02D3FB7B /* Pods_TySimulatorTests.framework in Frameworks */ = {isa = PBXBuildFile; fileRef = 03DB23622D95C6C7E47AFD0C /* Pods_TySimulatorTests.framework */; };
		F50D76551DDDEB26001F7098 /* KeyBindingsPreferencesViewController.swift in Sources */ = {isa = PBXBuildFile; fileRef = F50D76541DDDEB26001F7098 /* KeyBindingsPreferencesViewController.swift */; };
		F50D76571DDDEB79001F7098 /* KeyBindingsPreferencesViewController.xib in Resources */ = {isa = PBXBuildFile; fileRef = F50D76561DDDEB79001F7098 /* KeyBindingsPreferencesViewController.xib */; };
		F521AA3A1E14510300353DA1 /* Script.swift in Sources */ = {isa = PBXBuildFile; fileRef = F521AA391E14510300353DA1 /* Script.swift */; };
		F58132D01DDD7E84006C5A1A /* Device.swift in Sources */ = {isa = PBXBuildFile; fileRef = F58132CF1DDD7E84006C5A1A /* Device.swift */; };
		F5BE83571E159AB8005E7AD8 /* dsa_pub.pem in Resources */ = {isa = PBXBuildFile; fileRef = F5BE83561E159AB8005E7AD8 /* dsa_pub.pem */; };
/* End PBXBuildFile section */

/* Begin PBXContainerItemProxy section */
		19460C9E1DD78EA900894FBA /* PBXContainerItemProxy */ = {
			isa = PBXContainerItemProxy;
			containerPortal = 19460C861DD78EA900894FBA /* Project object */;
			proxyType = 1;
			remoteGlobalIDString = 19460C8D1DD78EA900894FBA;
			remoteInfo = TySimulator;
		};
/* End PBXContainerItemProxy section */

/* Begin PBXFileReference section */
		03DB23622D95C6C7E47AFD0C /* Pods_TySimulatorTests.framework */ = {isa = PBXFileReference; explicitFileType = wrapper.framework; includeInIndex = 0; path = Pods_TySimulatorTests.framework; sourceTree = BUILT_PRODUCTS_DIR; };
		071CD0DAFD71FF345511C670 /* Pods-TySimulatorTests.release.xcconfig */ = {isa = PBXFileReference; includeInIndex = 1; lastKnownFileType = text.xcconfig; name = "Pods-TySimulatorTests.release.xcconfig"; path = "Pods/Target Support Files/Pods-TySimulatorTests/Pods-TySimulatorTests.release.xcconfig"; sourceTree = "<group>"; };
		191195501DD8785300EEBBB4 /* ApplicationModel.swift */ = {isa = PBXFileReference; fileEncoding = 4; lastKnownFileType = sourcecode.swift; path = ApplicationModel.swift; sourceTree = "<group>"; };
		191195551DD8ACF500EEBBB4 /* main.swift */ = {isa = PBXFileReference; fileEncoding = 4; lastKnownFileType = sourcecode.swift; path = main.swift; sourceTree = "<group>"; };
		191195591DD8C14700EEBBB4 /* MediaModel.swift */ = {isa = PBXFileReference; fileEncoding = 4; lastKnownFileType = sourcecode.swift; path = MediaModel.swift; sourceTree = "<group>"; };
		1911955B1DD8C2B500EEBBB4 /* AppGroupModel.swift */ = {isa = PBXFileReference; fileEncoding = 4; lastKnownFileType = sourcecode.swift; path = AppGroupModel.swift; sourceTree = "<group>"; };
		192880351DE8959200A5A13A /* ScriptTests.swift */ = {isa = PBXFileReference; fileEncoding = 4; lastKnownFileType = sourcecode.swift; path = ScriptTests.swift; sourceTree = "<group>"; };
		1931AA961DE214D300B78D40 /* CommandViewController.xib */ = {isa = PBXFileReference; fileEncoding = 4; lastKnownFileType = file.xib; path = CommandViewController.xib; sourceTree = "<group>"; };
		1931AA981DE214DA00B78D40 /* CommandViewController.swift */ = {isa = PBXFileReference; fileEncoding = 4; lastKnownFileType = sourcecode.swift; path = CommandViewController.swift; sourceTree = "<group>"; };
		19460C8E1DD78EA900894FBA /* TySimulator.app */ = {isa = PBXFileReference; explicitFileType = wrapper.application; includeInIndex = 0; path = TySimulator.app; sourceTree = BUILT_PRODUCTS_DIR; };
		19460C911DD78EA900894FBA /* AppDelegate.swift */ = {isa = PBXFileReference; lastKnownFileType = sourcecode.swift; path = AppDelegate.swift; sourceTree = "<group>"; };
		19460C931DD78EA900894FBA /* Assets.xcassets */ = {isa = PBXFileReference; lastKnownFileType = folder.assetcatalog; path = Assets.xcassets; sourceTree = "<group>"; };
		19460C961DD78EA900894FBA /* Base */ = {isa = PBXFileReference; lastKnownFileType = file.xib; name = Base; path = Base.lproj/MainMenu.xib; sourceTree = "<group>"; };
		19460C981DD78EA900894FBA /* Info.plist */ = {isa = PBXFileReference; lastKnownFileType = text.plist.xml; path = Info.plist; sourceTree = "<group>"; };
		19460C9D1DD78EA900894FBA /* TySimulatorTests.xctest */ = {isa = PBXFileReference; explicitFileType = wrapper.cfbundle; includeInIndex = 0; path = TySimulatorTests.xctest; sourceTree = BUILT_PRODUCTS_DIR; };
		19460CA31DD78EA900894FBA /* Info.plist */ = {isa = PBXFileReference; lastKnownFileType = text.plist.xml; path = Info.plist; sourceTree = "<group>"; };
		19460CAC1DD78FC000894FBA /* MainMenuController.swift */ = {isa = PBXFileReference; fileEncoding = 4; lastKnownFileType = sourcecode.swift; path = MainMenuController.swift; sourceTree = "<group>"; };
		19460CB31DD83C1E00894FBA /* DeviceModel.swift */ = {isa = PBXFileReference; fileEncoding = 4; lastKnownFileType = sourcecode.swift; path = DeviceModel.swift; sourceTree = "<group>"; };
		1996BFD51EE335B2009B6E83 /* FileManager.swift */ = {isa = PBXFileReference; fileEncoding = 4; lastKnownFileType = sourcecode.swift; path = FileManager.swift; sourceTree = "<group>"; };
		1996BFD61EE335B2009B6E83 /* ShortcutMonitor.swift */ = {isa = PBXFileReference; fileEncoding = 4; lastKnownFileType = sourcecode.swift; path = ShortcutMonitor.swift; sourceTree = "<group>"; };
		1996BFD71EE335B2009B6E83 /* Application.swift */ = {isa = PBXFileReference; fileEncoding = 4; lastKnownFileType = sourcecode.swift; path = Application.swift; sourceTree = "<group>"; };
		1996BFD91EE335B2009B6E83 /* Menu.swift */ = {isa = PBXFileReference; fileEncoding = 4; lastKnownFileType = sourcecode.swift; path = Menu.swift; sourceTree = "<group>"; };
		1996BFDA1EE335B2009B6E83 /* TextView.swift */ = {isa = PBXFileReference; fileEncoding = 4; lastKnownFileType = sourcecode.swift; path = TextView.swift; sourceTree = "<group>"; };
		1996BFDB1EE335B2009B6E83 /* ViewController.swift */ = {isa = PBXFileReference; fileEncoding = 4; lastKnownFileType = sourcecode.swift; path = ViewController.swift; sourceTree = "<group>"; };
		1996BFDC1EE335B2009B6E83 /* Process.swift */ = {isa = PBXFileReference; fileEncoding = 4; lastKnownFileType = sourcecode.swift; path = Process.swift; sourceTree = "<group>"; };
		1996BFDD1EE335B2009B6E83 /* MD5.swift */ = {isa = PBXFileReference; fileEncoding = 4; lastKnownFileType = sourcecode.swift; path = MD5.swift; sourceTree = "<group>"; };
		1996BFDE1EE335B2009B6E83 /* URL.swift */ = {isa = PBXFileReference; fileEncoding = 4; lastKnownFileType = sourcecode.swift; path = URL.swift; sourceTree = "<group>"; };
		199D0B101DDE0F0800207D53 /* CommandModel.swift */ = {isa = PBXFileReference; fileEncoding = 4; lastKnownFileType = sourcecode.swift; path = CommandModel.swift; sourceTree = "<group>"; };
		19B698221DE727F400AD3876 /* TySimulator-Bridging-Header.h */ = {isa = PBXFileReference; fileEncoding = 4; lastKnownFileType = sourcecode.c.h; path = "TySimulator-Bridging-Header.h"; sourceTree = "<group>"; };
		19B698231DE72AAE00AD3876 /* CommandTransformer.swift */ = {isa = PBXFileReference; fileEncoding = 4; lastKnownFileType = sourcecode.swift; path = CommandTransformer.swift; sourceTree = "<group>"; };
		19C680BB1DF2EAB0008CC5FE /* TySimulatorKevlar.h */ = {isa = PBXFileReference; fileEncoding = 4; lastKnownFileType = sourcecode.c.h; path = TySimulatorKevlar.h; sourceTree = "<group>"; };
		19C680BC1DF2EAB0008CC5FE /* TySimulatorKevlar.m */ = {isa = PBXFileReference; fileEncoding = 4; lastKnownFileType = sourcecode.c.objc; path = TySimulatorKevlar.m; sourceTree = "<group>"; };
		19C680C21DF32F0C008CC5FE /* LicenseInfoStepController.swift */ = {isa = PBXFileReference; fileEncoding = 4; lastKnownFileType = sourcecode.swift; path = LicenseInfoStepController.swift; sourceTree = "<group>"; };
		19C680C41DF33DA6008CC5FE /* LicenseInfoStepView.xib */ = {isa = PBXFileReference; fileEncoding = 4; lastKnownFileType = file.xib; path = LicenseInfoStepView.xib; sourceTree = "<group>"; };
		19C680C61DF34AC4008CC5FE /* ActivationWindow.xib */ = {isa = PBXFileReference; fileEncoding = 4; lastKnownFileType = file.xib; path = ActivationWindow.xib; sourceTree = "<group>"; };
		19E629A51DE0D82A00FE572B /* ShortcutTableCellView.swift */ = {isa = PBXFileReference; fileEncoding = 4; lastKnownFileType = sourcecode.swift; path = ShortcutTableCellView.swift; sourceTree = "<group>"; };
		19F94A1A1DDCBAA100AECF3B /* GeneralPreferencesViewController.swift */ = {isa = PBXFileReference; fileEncoding = 4; lastKnownFileType = sourcecode.swift; path = GeneralPreferencesViewController.swift; sourceTree = "<group>"; };
		19F94A1C1DDCBAAE00AECF3B /* GeneralPreferencesViewController.xib */ = {isa = PBXFileReference; fileEncoding = 4; lastKnownFileType = file.xib; path = GeneralPreferencesViewController.xib; sourceTree = "<group>"; };
		19F94A1E1DDCBF7C00AECF3B /* Preference.swift */ = {isa = PBXFileReference; fileEncoding = 4; lastKnownFileType = sourcecode.swift; path = Preference.swift; sourceTree = "<group>"; };
		2A72AF1F735CF9F4FEE5CE1E /* Pods-TySimulator.release.xcconfig */ = {isa = PBXFileReference; includeInIndex = 1; lastKnownFileType = text.xcconfig; name = "Pods-TySimulator.release.xcconfig"; path = "Pods/Target Support Files/Pods-TySimulator/Pods-TySimulator.release.xcconfig"; sourceTree = "<group>"; };
		5E591A2065959AFD68965ADF /* Pods-TySimulatorTests.debug.xcconfig */ = {isa = PBXFileReference; includeInIndex = 1; lastKnownFileType = text.xcconfig; name = "Pods-TySimulatorTests.debug.xcconfig"; path = "Pods/Target Support Files/Pods-TySimulatorTests/Pods-TySimulatorTests.debug.xcconfig"; sourceTree = "<group>"; };
		A7A86A69885BB6E8D9E1121E /* Pods-TySimulator.debug.xcconfig */ = {isa = PBXFileReference; includeInIndex = 1; lastKnownFileType = text.xcconfig; name = "Pods-TySimulator.debug.xcconfig"; path = "Pods/Target Support Files/Pods-TySimulator/Pods-TySimulator.debug.xcconfig"; sourceTree = "<group>"; };
		C95487967A0430FF08ADBE00 /* Pods_TySimulator.framework */ = {isa = PBXFileReference; explicitFileType = wrapper.framework; includeInIndex = 0; path = Pods_TySimulator.framework; sourceTree = BUILT_PRODUCTS_DIR; };
		F50D76541DDDEB26001F7098 /* KeyBindingsPreferencesViewController.swift */ = {isa = PBXFileReference; fileEncoding = 4; lastKnownFileType = sourcecode.swift; path = KeyBindingsPreferencesViewController.swift; sourceTree = "<group>"; };
		F50D76561DDDEB79001F7098 /* KeyBindingsPreferencesViewController.xib */ = {isa = PBXFileReference; fileEncoding = 4; lastKnownFileType = file.xib; path = KeyBindingsPreferencesViewController.xib; sourceTree = "<group>"; };
		F521AA391E14510300353DA1 /* Script.swift */ = {isa = PBXFileReference; fileEncoding = 4; lastKnownFileType = sourcecode.swift; path = Script.swift; sourceTree = "<group>"; };
		F58132CF1DDD7E84006C5A1A /* Device.swift */ = {isa = PBXFileReference; fileEncoding = 4; lastKnownFileType = sourcecode.swift; name = Device.swift; path = Model/Device.swift; sourceTree = "<group>"; };
		F5BE83561E159AB8005E7AD8 /* dsa_pub.pem */ = {isa = PBXFileReference; fileEncoding = 4; lastKnownFileType = text; path = dsa_pub.pem; sourceTree = "<group>"; };
/* End PBXFileReference section */

/* Begin PBXFrameworksBuildPhase section */
		19460C8B1DD78EA900894FBA /* Frameworks */ = {
			isa = PBXFrameworksBuildPhase;
			buildActionMask = 2147483647;
			files = (
				5FDF5C40919F112EA90BE658 /* Pods_TySimulator.framework in Frameworks */,
			);
			runOnlyForDeploymentPostprocessing = 0;
		};
		19460C9A1DD78EA900894FBA /* Frameworks */ = {
			isa = PBXFrameworksBuildPhase;
			buildActionMask = 2147483647;
			files = (
				D665686CF28115CB02D3FB7B /* Pods_TySimulatorTests.framework in Frameworks */,
			);
			runOnlyForDeploymentPostprocessing = 0;
		};
/* End PBXFrameworksBuildPhase section */

/* Begin PBXGroup section */
		19460C851DD78EA900894FBA = {
			isa = PBXGroup;
			children = (
				19460C901DD78EA900894FBA /* TySimulator */,
				19460CA01DD78EA900894FBA /* TySimulatorTests */,
				19460C8F1DD78EA900894FBA /* Products */,
				CD0DDD2AF489C533D7C187B5 /* Pods */,
				257DEF6B02A35E27D755AC71 /* Frameworks */,
			);
			sourceTree = "<group>";
		};
		19460C8F1DD78EA900894FBA /* Products */ = {
			isa = PBXGroup;
			children = (
				19460C8E1DD78EA900894FBA /* TySimulator.app */,
				19460C9D1DD78EA900894FBA /* TySimulatorTests.xctest */,
			);
			name = Products;
			sourceTree = "<group>";
		};
		19460C901DD78EA900894FBA /* TySimulator */ = {
			isa = PBXGroup;
			children = (
				1996BFD41EE335B2009B6E83 /* Utils */,
				19F94A171DDCBA4200AECF3B /* Preferences */,
				19460CB01DD83BF200894FBA /* Model */,
				19460CAC1DD78FC000894FBA /* MainMenuController.swift */,
				F58132CF1DDD7E84006C5A1A /* Device.swift */,
				19460C911DD78EA900894FBA /* AppDelegate.swift */,
				19C680C21DF32F0C008CC5FE /* LicenseInfoStepController.swift */,
				19C680C61DF34AC4008CC5FE /* ActivationWindow.xib */,
				19C680C41DF33DA6008CC5FE /* LicenseInfoStepView.xib */,
				19B698231DE72AAE00AD3876 /* CommandTransformer.swift */,
				F521AA391E14510300353DA1 /* Script.swift */,
				19460C931DD78EA900894FBA /* Assets.xcassets */,
				19460C951DD78EA900894FBA /* MainMenu.xib */,
				19460C981DD78EA900894FBA /* Info.plist */,
				191195551DD8ACF500EEBBB4 /* main.swift */,
				19B698221DE727F400AD3876 /* TySimulator-Bridging-Header.h */,
				19C680BB1DF2EAB0008CC5FE /* TySimulatorKevlar.h */,
				19C680BC1DF2EAB0008CC5FE /* TySimulatorKevlar.m */,
				F5BE83551E159AB8005E7AD8 /* Resource */,
			);
			path = TySimulator;
			sourceTree = "<group>";
		};
		19460CA01DD78EA900894FBA /* TySimulatorTests */ = {
			isa = PBXGroup;
			children = (
				192880351DE8959200A5A13A /* ScriptTests.swift */,
				19460CA31DD78EA900894FBA /* Info.plist */,
			);
			path = TySimulatorTests;
			sourceTree = "<group>";
		};
		19460CB01DD83BF200894FBA /* Model */ = {
			isa = PBXGroup;
			children = (
				199D0B101DDE0F0800207D53 /* CommandModel.swift */,
				19460CB31DD83C1E00894FBA /* DeviceModel.swift */,
				191195501DD8785300EEBBB4 /* ApplicationModel.swift */,
				191195591DD8C14700EEBBB4 /* MediaModel.swift */,
				1911955B1DD8C2B500EEBBB4 /* AppGroupModel.swift */,
			);
			path = Model;
			sourceTree = "<group>";
		};
		1996BFD41EE335B2009B6E83 /* Utils */ = {
			isa = PBXGroup;
			children = (
				1996BFD51EE335B2009B6E83 /* FileManager.swift */,
				1996BFD61EE335B2009B6E83 /* ShortcutMonitor.swift */,
				1996BFD71EE335B2009B6E83 /* Application.swift */,
				1996BFD91EE335B2009B6E83 /* Menu.swift */,
				1996BFDA1EE335B2009B6E83 /* TextView.swift */,
				1996BFDB1EE335B2009B6E83 /* ViewController.swift */,
				1996BFDC1EE335B2009B6E83 /* Process.swift */,
				1996BFDD1EE335B2009B6E83 /* MD5.swift */,
				1996BFDE1EE335B2009B6E83 /* URL.swift */,
			);
			path = Utils;
			sourceTree = "<group>";
		};
		19F94A171DDCBA4200AECF3B /* Preferences */ = {
			isa = PBXGroup;
			children = (
				19F94A1E1DDCBF7C00AECF3B /* Preference.swift */,
				19F94A1A1DDCBAA100AECF3B /* GeneralPreferencesViewController.swift */,
				19F94A1C1DDCBAAE00AECF3B /* GeneralPreferencesViewController.xib */,
				F50D76541DDDEB26001F7098 /* KeyBindingsPreferencesViewController.swift */,
				F50D76561DDDEB79001F7098 /* KeyBindingsPreferencesViewController.xib */,
				19E629A51DE0D82A00FE572B /* ShortcutTableCellView.swift */,
				1931AA981DE214DA00B78D40 /* CommandViewController.swift */,
				1931AA961DE214D300B78D40 /* CommandViewController.xib */,
			);
			path = Preferences;
			sourceTree = "<group>";
		};
		257DEF6B02A35E27D755AC71 /* Frameworks */ = {
			isa = PBXGroup;
			children = (
				C95487967A0430FF08ADBE00 /* Pods_TySimulator.framework */,
				03DB23622D95C6C7E47AFD0C /* Pods_TySimulatorTests.framework */,
			);
			name = Frameworks;
			sourceTree = "<group>";
		};
		CD0DDD2AF489C533D7C187B5 /* Pods */ = {
			isa = PBXGroup;
			children = (
				A7A86A69885BB6E8D9E1121E /* Pods-TySimulator.debug.xcconfig */,
				2A72AF1F735CF9F4FEE5CE1E /* Pods-TySimulator.release.xcconfig */,
				5E591A2065959AFD68965ADF /* Pods-TySimulatorTests.debug.xcconfig */,
				071CD0DAFD71FF345511C670 /* Pods-TySimulatorTests.release.xcconfig */,
			);
			name = Pods;
			sourceTree = "<group>";
		};
		F5BE83551E159AB8005E7AD8 /* Resource */ = {
			isa = PBXGroup;
			children = (
				F5BE83561E159AB8005E7AD8 /* dsa_pub.pem */,
			);
			path = Resource;
			sourceTree = "<group>";
		};
/* End PBXGroup section */

/* Begin PBXNativeTarget section */
		19460C8D1DD78EA900894FBA /* TySimulator */ = {
			isa = PBXNativeTarget;
			buildConfigurationList = 19460CA61DD78EA900894FBA /* Build configuration list for PBXNativeTarget "TySimulator" */;
			buildPhases = (
				6FB74312638250B45FDA0DAF /* [CP] Check Pods Manifest.lock */,
				19460C8A1DD78EA900894FBA /* Sources */,
				19460C8B1DD78EA900894FBA /* Frameworks */,
				19460C8C1DD78EA900894FBA /* Resources */,
				C10F30D06EBA5B13B4EC080E /* [CP] Embed Pods Frameworks */,
				E6FC7550169C4C1A9582F65F /* [CP] Copy Pods Resources */,
			);
			buildRules = (
			);
			dependencies = (
			);
			name = TySimulator;
			productName = TySimulator;
			productReference = 19460C8E1DD78EA900894FBA /* TySimulator.app */;
			productType = "com.apple.product-type.application";
		};
		19460C9C1DD78EA900894FBA /* TySimulatorTests */ = {
			isa = PBXNativeTarget;
			buildConfigurationList = 19460CA91DD78EA900894FBA /* Build configuration list for PBXNativeTarget "TySimulatorTests" */;
			buildPhases = (
				C1857569BCEB0B016A15B371 /* [CP] Check Pods Manifest.lock */,
				19460C991DD78EA900894FBA /* Sources */,
				19460C9A1DD78EA900894FBA /* Frameworks */,
				19460C9B1DD78EA900894FBA /* Resources */,
				7A0E71E255C3067749164341 /* [CP] Embed Pods Frameworks */,
				74D1CBCBA0F824689F398234 /* [CP] Copy Pods Resources */,
			);
			buildRules = (
			);
			dependencies = (
				19460C9F1DD78EA900894FBA /* PBXTargetDependency */,
			);
			name = TySimulatorTests;
			productName = TySimulatorTests;
			productReference = 19460C9D1DD78EA900894FBA /* TySimulatorTests.xctest */;
			productType = "com.apple.product-type.bundle.unit-test";
		};
/* End PBXNativeTarget section */

/* Begin PBXProject section */
		19460C861DD78EA900894FBA /* Project object */ = {
			isa = PBXProject;
			attributes = {
				LastSwiftUpdateCheck = 0800;
				LastUpgradeCheck = 0830;
				ORGANIZATIONNAME = luckytianyiyan;
				TargetAttributes = {
					19460C8D1DD78EA900894FBA = {
						CreatedOnToolsVersion = 8.0;
						DevelopmentTeam = 9KYD7S7AZY;
						ProvisioningStyle = Automatic;
						SystemCapabilities = {
							com.apple.Sandbox = {
								enabled = 0;
							};
						};
					};
					19460C9C1DD78EA900894FBA = {
						CreatedOnToolsVersion = 8.0;
						DevelopmentTeam = 9KYD7S7AZY;
						ProvisioningStyle = Automatic;
						TestTargetID = 19460C8D1DD78EA900894FBA;
					};
				};
			};
			buildConfigurationList = 19460C891DD78EA900894FBA /* Build configuration list for PBXProject "TySimulator" */;
			compatibilityVersion = "Xcode 3.2";
			developmentRegion = English;
			hasScannedForEncodings = 0;
			knownRegions = (
				en,
				Base,
			);
			mainGroup = 19460C851DD78EA900894FBA;
			productRefGroup = 19460C8F1DD78EA900894FBA /* Products */;
			projectDirPath = "";
			projectRoot = "";
			targets = (
				19460C8D1DD78EA900894FBA /* TySimulator */,
				19460C9C1DD78EA900894FBA /* TySimulatorTests */,
			);
		};
/* End PBXProject section */

/* Begin PBXResourcesBuildPhase section */
		19460C8C1DD78EA900894FBA /* Resources */ = {
			isa = PBXResourcesBuildPhase;
			buildActionMask = 2147483647;
			files = (
				19460C941DD78EA900894FBA /* Assets.xcassets in Resources */,
				F5BE83571E159AB8005E7AD8 /* dsa_pub.pem in Resources */,
				19C680C51DF33DA6008CC5FE /* LicenseInfoStepView.xib in Resources */,
				19C680C71DF34AC4008CC5FE /* ActivationWindow.xib in Resources */,
				1931AA971DE214D300B78D40 /* CommandViewController.xib in Resources */,
				F50D76571DDDEB79001F7098 /* KeyBindingsPreferencesViewController.xib in Resources */,
				19F94A1D1DDCBAAE00AECF3B /* GeneralPreferencesViewController.xib in Resources */,
				19460C971DD78EA900894FBA /* MainMenu.xib in Resources */,
			);
			runOnlyForDeploymentPostprocessing = 0;
		};
		19460C9B1DD78EA900894FBA /* Resources */ = {
			isa = PBXResourcesBuildPhase;
			buildActionMask = 2147483647;
			files = (
			);
			runOnlyForDeploymentPostprocessing = 0;
		};
/* End PBXResourcesBuildPhase section */

/* Begin PBXShellScriptBuildPhase section */
		6FB74312638250B45FDA0DAF /* [CP] Check Pods Manifest.lock */ = {
			isa = PBXShellScriptBuildPhase;
			buildActionMask = 2147483647;
			files = (
			);
			inputPaths = (
			);
			name = "[CP] Check Pods Manifest.lock";
			outputPaths = (
			);
			runOnlyForDeploymentPostprocessing = 0;
			shellPath = /bin/sh;
			shellScript = "diff \"${PODS_ROOT}/../Podfile.lock\" \"${PODS_ROOT}/Manifest.lock\" > /dev/null\nif [ $? != 0 ] ; then\n    # print error to STDERR\n    echo \"error: The sandbox is not in sync with the Podfile.lock. Run 'pod install' or update your CocoaPods installation.\" >&2\n    exit 1\nfi\n";
			showEnvVarsInLog = 0;
		};
		74D1CBCBA0F824689F398234 /* [CP] Copy Pods Resources */ = {
			isa = PBXShellScriptBuildPhase;
			buildActionMask = 2147483647;
			files = (
			);
			inputPaths = (
			);
			name = "[CP] Copy Pods Resources";
			outputPaths = (
			);
			runOnlyForDeploymentPostprocessing = 0;
			shellPath = /bin/sh;
			shellScript = "\"${SRCROOT}/Pods/Target Support Files/Pods-TySimulatorTests/Pods-TySimulatorTests-resources.sh\"\n";
			showEnvVarsInLog = 0;
		};
		7A0E71E255C3067749164341 /* [CP] Embed Pods Frameworks */ = {
			isa = PBXShellScriptBuildPhase;
			buildActionMask = 2147483647;
			files = (
			);
			inputPaths = (
			);
			name = "[CP] Embed Pods Frameworks";
			outputPaths = (
			);
			runOnlyForDeploymentPostprocessing = 0;
			shellPath = /bin/sh;
			shellScript = "\"${SRCROOT}/Pods/Target Support Files/Pods-TySimulatorTests/Pods-TySimulatorTests-frameworks.sh\"\n";
			showEnvVarsInLog = 0;
		};
		C10F30D06EBA5B13B4EC080E /* [CP] Embed Pods Frameworks */ = {
			isa = PBXShellScriptBuildPhase;
			buildActionMask = 2147483647;
			files = (
			);
			inputPaths = (
			);
			name = "[CP] Embed Pods Frameworks";
			outputPaths = (
			);
			runOnlyForDeploymentPostprocessing = 0;
			shellPath = /bin/sh;
			shellScript = "\"${SRCROOT}/Pods/Target Support Files/Pods-TySimulator/Pods-TySimulator-frameworks.sh\"\n";
			showEnvVarsInLog = 0;
		};
		C1857569BCEB0B016A15B371 /* [CP] Check Pods Manifest.lock */ = {
			isa = PBXShellScriptBuildPhase;
			buildActionMask = 2147483647;
			files = (
			);
			inputPaths = (
			);
			name = "[CP] Check Pods Manifest.lock";
			outputPaths = (
			);
			runOnlyForDeploymentPostprocessing = 0;
			shellPath = /bin/sh;
			shellScript = "diff \"${PODS_ROOT}/../Podfile.lock\" \"${PODS_ROOT}/Manifest.lock\" > /dev/null\nif [ $? != 0 ] ; then\n    # print error to STDERR\n    echo \"error: The sandbox is not in sync with the Podfile.lock. Run 'pod install' or update your CocoaPods installation.\" >&2\n    exit 1\nfi\n";
			showEnvVarsInLog = 0;
		};
		E6FC7550169C4C1A9582F65F /* [CP] Copy Pods Resources */ = {
			isa = PBXShellScriptBuildPhase;
			buildActionMask = 2147483647;
			files = (
			);
			inputPaths = (
			);
			name = "[CP] Copy Pods Resources";
			outputPaths = (
			);
			runOnlyForDeploymentPostprocessing = 0;
			shellPath = /bin/sh;
			shellScript = "\"${SRCROOT}/Pods/Target Support Files/Pods-TySimulator/Pods-TySimulator-resources.sh\"\n";
			showEnvVarsInLog = 0;
		};
/* End PBXShellScriptBuildPhase section */

/* Begin PBXSourcesBuildPhase section */
		19460C8A1DD78EA900894FBA /* Sources */ = {
			isa = PBXSourcesBuildPhase;
			buildActionMask = 2147483647;
			files = (
				191195511DD8785300EEBBB4 /* ApplicationModel.swift in Sources */,
				1996BFE61EE335B2009B6E83 /* Process.swift in Sources */,
				1996BFE71EE335B2009B6E83 /* MD5.swift in Sources */,
				1996BFDF1EE335B2009B6E83 /* FileManager.swift in Sources */,
				1996BFE81EE335B2009B6E83 /* URL.swift in Sources */,
				1911955C1DD8C2B500EEBBB4 /* AppGroupModel.swift in Sources */,
				1931AA991DE214DA00B78D40 /* CommandViewController.swift in Sources */,
				19B698241DE72AAE00AD3876 /* CommandTransformer.swift in Sources */,
				F58132D01DDD7E84006C5A1A /* Device.swift in Sources */,
				199D0B111DDE0F0800207D53 /* CommandModel.swift in Sources */,
				19460C921DD78EA900894FBA /* AppDelegate.swift in Sources */,
				1996BFE11EE335B2009B6E83 /* Application.swift in Sources */,
				1996BFE01EE335B2009B6E83 /* ShortcutMonitor.swift in Sources */,
				191195561DD8ACF500EEBBB4 /* main.swift in Sources */,
				19460CAD1DD78FC000894FBA /* MainMenuController.swift in Sources */,
				19F94A1B1DDCBAA100AECF3B /* GeneralPreferencesViewController.swift in Sources */,
				F521AA3A1E14510300353DA1 /* Script.swift in Sources */,
				1996BFE51EE335B2009B6E83 /* ViewController.swift in Sources */,
				1996BFE31EE335B2009B6E83 /* Menu.swift in Sources */,
				19F94A1F1DDCBF7C00AECF3B /* Preference.swift in Sources */,
				19460CB41DD83C1E00894FBA /* DeviceModel.swift in Sources */,
				1911955A1DD8C14700EEBBB4 /* MediaModel.swift in Sources */,
				19C680C31DF32F0C008CC5FE /* LicenseInfoStepController.swift in Sources */,
				F50D76551DDDEB26001F7098 /* KeyBindingsPreferencesViewController.swift in Sources */,
				19C680BD1DF2EAB0008CC5FE /* TySimulatorKevlar.m in Sources */,
				1996BFE41EE335B2009B6E83 /* TextView.swift in Sources */,
				19E629A61DE0D82A00FE572B /* ShortcutTableCellView.swift in Sources */,
			);
			runOnlyForDeploymentPostprocessing = 0;
		};
		19460C991DD78EA900894FBA /* Sources */ = {
			isa = PBXSourcesBuildPhase;
			buildActionMask = 2147483647;
			files = (
				192880361DE8959200A5A13A /* ScriptTests.swift in Sources */,
			);
			runOnlyForDeploymentPostprocessing = 0;
		};
/* End PBXSourcesBuildPhase section */

/* Begin PBXTargetDependency section */
		19460C9F1DD78EA900894FBA /* PBXTargetDependency */ = {
			isa = PBXTargetDependency;
			target = 19460C8D1DD78EA900894FBA /* TySimulator */;
			targetProxy = 19460C9E1DD78EA900894FBA /* PBXContainerItemProxy */;
		};
/* End PBXTargetDependency section */

/* Begin PBXVariantGroup section */
		19460C951DD78EA900894FBA /* MainMenu.xib */ = {
			isa = PBXVariantGroup;
			children = (
				19460C961DD78EA900894FBA /* Base */,
			);
			name = MainMenu.xib;
			sourceTree = "<group>";
		};
/* End PBXVariantGroup section */

/* Begin XCBuildConfiguration section */
		19460CA41DD78EA900894FBA /* Debug */ = {
			isa = XCBuildConfiguration;
			buildSettings = {
				ALWAYS_SEARCH_USER_PATHS = NO;
				CLANG_ANALYZER_NONNULL = YES;
				CLANG_CXX_LANGUAGE_STANDARD = "gnu++0x";
				CLANG_CXX_LIBRARY = "libc++";
				CLANG_ENABLE_MODULES = YES;
				CLANG_ENABLE_OBJC_ARC = YES;
				CLANG_WARN_BOOL_CONVERSION = YES;
				CLANG_WARN_CONSTANT_CONVERSION = YES;
				CLANG_WARN_DIRECT_OBJC_ISA_USAGE = YES_ERROR;
				CLANG_WARN_DOCUMENTATION_COMMENTS = YES;
				CLANG_WARN_EMPTY_BODY = YES;
				CLANG_WARN_ENUM_CONVERSION = YES;
				CLANG_WARN_INFINITE_RECURSION = YES;
				CLANG_WARN_INT_CONVERSION = YES;
				CLANG_WARN_OBJC_ROOT_CLASS = YES_ERROR;
				CLANG_WARN_SUSPICIOUS_MOVE = YES;
				CLANG_WARN_SUSPICIOUS_MOVES = YES;
				CLANG_WARN_UNREACHABLE_CODE = YES;
				CLANG_WARN__DUPLICATE_METHOD_MATCH = YES;
				CODE_SIGN_IDENTITY = "-";
				COPY_PHASE_STRIP = NO;
				DEBUG_INFORMATION_FORMAT = dwarf;
				ENABLE_STRICT_OBJC_MSGSEND = YES;
				ENABLE_TESTABILITY = YES;
				GCC_C_LANGUAGE_STANDARD = gnu99;
				GCC_DYNAMIC_NO_PIC = NO;
				GCC_NO_COMMON_BLOCKS = YES;
				GCC_OPTIMIZATION_LEVEL = 0;
				GCC_PREPROCESSOR_DEFINITIONS = (
					"DEBUG=1",
					"$(inherited)",
				);
				GCC_WARN_64_TO_32_BIT_CONVERSION = YES;
				GCC_WARN_ABOUT_RETURN_TYPE = YES_ERROR;
				GCC_WARN_UNDECLARED_SELECTOR = YES;
				GCC_WARN_UNINITIALIZED_AUTOS = YES_AGGRESSIVE;
				GCC_WARN_UNUSED_FUNCTION = YES;
				GCC_WARN_UNUSED_VARIABLE = YES;
				MACOSX_DEPLOYMENT_TARGET = 10.12;
				MTL_ENABLE_DEBUG_INFO = YES;
				ONLY_ACTIVE_ARCH = YES;
				SDKROOT = macosx;
				SWIFT_ACTIVE_COMPILATION_CONDITIONS = DEBUG;
				SWIFT_OPTIMIZATION_LEVEL = "-Onone";
			};
			name = Debug;
		};
		19460CA51DD78EA900894FBA /* Release */ = {
			isa = XCBuildConfiguration;
			buildSettings = {
				ALWAYS_SEARCH_USER_PATHS = NO;
				CLANG_ANALYZER_NONNULL = YES;
				CLANG_CXX_LANGUAGE_STANDARD = "gnu++0x";
				CLANG_CXX_LIBRARY = "libc++";
				CLANG_ENABLE_MODULES = YES;
				CLANG_ENABLE_OBJC_ARC = YES;
				CLANG_WARN_BOOL_CONVERSION = YES;
				CLANG_WARN_CONSTANT_CONVERSION = YES;
				CLANG_WARN_DIRECT_OBJC_ISA_USAGE = YES_ERROR;
				CLANG_WARN_DOCUMENTATION_COMMENTS = YES;
				CLANG_WARN_EMPTY_BODY = YES;
				CLANG_WARN_ENUM_CONVERSION = YES;
				CLANG_WARN_INFINITE_RECURSION = YES;
				CLANG_WARN_INT_CONVERSION = YES;
				CLANG_WARN_OBJC_ROOT_CLASS = YES_ERROR;
				CLANG_WARN_SUSPICIOUS_MOVE = YES;
				CLANG_WARN_SUSPICIOUS_MOVES = YES;
				CLANG_WARN_UNREACHABLE_CODE = YES;
				CLANG_WARN__DUPLICATE_METHOD_MATCH = YES;
				CODE_SIGN_IDENTITY = "-";
				COPY_PHASE_STRIP = NO;
				DEBUG_INFORMATION_FORMAT = "dwarf-with-dsym";
				ENABLE_NS_ASSERTIONS = NO;
				ENABLE_STRICT_OBJC_MSGSEND = YES;
				GCC_C_LANGUAGE_STANDARD = gnu99;
				GCC_NO_COMMON_BLOCKS = YES;
				GCC_WARN_64_TO_32_BIT_CONVERSION = YES;
				GCC_WARN_ABOUT_RETURN_TYPE = YES_ERROR;
				GCC_WARN_UNDECLARED_SELECTOR = YES;
				GCC_WARN_UNINITIALIZED_AUTOS = YES_AGGRESSIVE;
				GCC_WARN_UNUSED_FUNCTION = YES;
				GCC_WARN_UNUSED_VARIABLE = YES;
				MACOSX_DEPLOYMENT_TARGET = 10.12;
				MTL_ENABLE_DEBUG_INFO = NO;
				SDKROOT = macosx;
				SWIFT_OPTIMIZATION_LEVEL = "-Owholemodule";
			};
			name = Release;
		};
		19460CA71DD78EA900894FBA /* Debug */ = {
			isa = XCBuildConfiguration;
			baseConfigurationReference = A7A86A69885BB6E8D9E1121E /* Pods-TySimulator.debug.xcconfig */;
			buildSettings = {
				ALWAYS_EMBED_SWIFT_STANDARD_LIBRARIES = YES;
				ASSETCATALOG_COMPILER_APPICON_NAME = AppIcon;
				CODE_SIGN_IDENTITY = "Mac Developer";
				COMBINE_HIDPI_IMAGES = YES;
				DEVELOPMENT_TEAM = 9KYD7S7AZY;
				INFOPLIST_FILE = TySimulator/Info.plist;
				LD_RUNPATH_SEARCH_PATHS = "$(inherited) @executable_path/../Frameworks";
				MACOSX_DEPLOYMENT_TARGET = 10.10;
				PRODUCT_BUNDLE_IDENTIFIER = com.tianyiyan.TySimulator;
				PRODUCT_NAME = "$(TARGET_NAME)";
				PROVISIONING_PROFILE = "";
				PROVISIONING_PROFILE_SPECIFIER = "";
				SWIFT_OBJC_BRIDGING_HEADER = "TySimulator/TySimulator-Bridging-Header.h";
				SWIFT_VERSION = 3.0;
			};
			name = Debug;
		};
		19460CA81DD78EA900894FBA /* Release */ = {
			isa = XCBuildConfiguration;
			baseConfigurationReference = 2A72AF1F735CF9F4FEE5CE1E /* Pods-TySimulator.release.xcconfig */;
			buildSettings = {
				ALWAYS_EMBED_SWIFT_STANDARD_LIBRARIES = YES;
				ASSETCATALOG_COMPILER_APPICON_NAME = AppIcon;
				CODE_SIGN_IDENTITY = "Mac Developer";
				COMBINE_HIDPI_IMAGES = YES;
				DEVELOPMENT_TEAM = 9KYD7S7AZY;
				INFOPLIST_FILE = TySimulator/Info.plist;
				LD_RUNPATH_SEARCH_PATHS = "$(inherited) @executable_path/../Frameworks";
				MACOSX_DEPLOYMENT_TARGET = 10.10;
				PRODUCT_BUNDLE_IDENTIFIER = com.tianyiyan.TySimulator;
				PRODUCT_NAME = "$(TARGET_NAME)";
				PROVISIONING_PROFILE = "";
				PROVISIONING_PROFILE_SPECIFIER = "";
				SWIFT_OBJC_BRIDGING_HEADER = "TySimulator/TySimulator-Bridging-Header.h";
				SWIFT_VERSION = 3.0;
			};
			name = Release;
		};
		19460CAA1DD78EA900894FBA /* Debug */ = {
			isa = XCBuildConfiguration;
			baseConfigurationReference = 5E591A2065959AFD68965ADF /* Pods-TySimulatorTests.debug.xcconfig */;
			buildSettings = {
				ALWAYS_EMBED_SWIFT_STANDARD_LIBRARIES = YES;
				BUNDLE_LOADER = "$(TEST_HOST)";
				CODE_SIGN_IDENTITY = "Mac Developer";
				COMBINE_HIDPI_IMAGES = YES;
				DEVELOPMENT_TEAM = 9KYD7S7AZY;
				INFOPLIST_FILE = TySimulatorTests/Info.plist;
				LD_RUNPATH_SEARCH_PATHS = "$(inherited) @executable_path/../Frameworks @loader_path/../Frameworks";
				PRODUCT_BUNDLE_IDENTIFIER = com.tianyiyan.TySimulatorTests;
				PRODUCT_NAME = "$(TARGET_NAME)";
				SWIFT_VERSION = 3.0;
				TEST_HOST = "$(BUILT_PRODUCTS_DIR)/TySimulator.app/Contents/MacOS/TySimulator";
			};
			name = Debug;
		};
		19460CAB1DD78EA900894FBA /* Release */ = {
			isa = XCBuildConfiguration;
			baseConfigurationReference = 071CD0DAFD71FF345511C670 /* Pods-TySimulatorTests.release.xcconfig */;
			buildSettings = {
				ALWAYS_EMBED_SWIFT_STANDARD_LIBRARIES = YES;
				BUNDLE_LOADER = "$(TEST_HOST)";
				CODE_SIGN_IDENTITY = "Mac Developer";
				COMBINE_HIDPI_IMAGES = YES;
				DEVELOPMENT_TEAM = 9KYD7S7AZY;
				INFOPLIST_FILE = TySimulatorTests/Info.plist;
				LD_RUNPATH_SEARCH_PATHS = "$(inherited) @executable_path/../Frameworks @loader_path/../Frameworks";
				PRODUCT_BUNDLE_IDENTIFIER = com.tianyiyan.TySimulatorTests;
				PRODUCT_NAME = "$(TARGET_NAME)";
				SWIFT_VERSION = 3.0;
				TEST_HOST = "$(BUILT_PRODUCTS_DIR)/TySimulator.app/Contents/MacOS/TySimulator";
			};
			name = Release;
		};
/* End XCBuildConfiguration section */

/* Begin XCConfigurationList section */
		19460C891DD78EA900894FBA /* Build configuration list for PBXProject "TySimulator" */ = {
			isa = XCConfigurationList;
			buildConfigurations = (
				19460CA41DD78EA900894FBA /* Debug */,
				19460CA51DD78EA900894FBA /* Release */,
			);
			defaultConfigurationIsVisible = 0;
			defaultConfigurationName = Release;
		};
		19460CA61DD78EA900894FBA /* Build configuration list for PBXNativeTarget "TySimulator" */ = {
			isa = XCConfigurationList;
			buildConfigurations = (
				19460CA71DD78EA900894FBA /* Debug */,
				19460CA81DD78EA900894FBA /* Release */,
			);
			defaultConfigurationIsVisible = 0;
			defaultConfigurationName = Release;
		};
		19460CA91DD78EA900894FBA /* Build configuration list for PBXNativeTarget "TySimulatorTests" */ = {
			isa = XCConfigurationList;
			buildConfigurations = (
				19460CAA1DD78EA900894FBA /* Debug */,
				19460CAB1DD78EA900894FBA /* Release */,
			);
			defaultConfigurationIsVisible = 0;
			defaultConfigurationName = Release;
		};
/* End XCConfigurationList section */
	};
	rootObject = 19460C861DD78EA900894FBA /* Project object */;
}
