PODS:
  - ACEViewSwift (2.1.0)
  - Crashlytics (3.14.0):
    - Fabric (~> 1.10.2)
  - DevMateKit (1.9.3)
  - Fabric (1.10.2)
  - MASPreferences (1.3)
  - MASShortcut (2.4.0)

DEPENDENCIES:
  - ACEViewSwift (from `https://github.com/ty0x2333/ACEViewSwift.git`, branch `fix_jsCall_error`)
  - Crashlytics
  - DevMateKit
  - Fabric
  - MASPreferences
  - MASShortcut

SPEC REPOS:
  trunk:
    - Crashlytics
    - DevMateKit
    - Fabric
    - MASPreferences
    - MASShortcut

EXTERNAL SOURCES:
  ACEViewSwift:
    :branch: fix_jsCall_error
    :git: https://github.com/ty0x2333/ACEViewSwift.git
    :submodules: true

CHECKOUT OPTIONS:
  ACEViewSwift:
    :commit: a126c3c9185103e9fbb3ae011cdfadbb137f78e3
    :git: https://github.com/ty0x2333/ACEViewSwift.git
    :submodules: true

SPEC CHECKSUMS:
  ACEViewSwift: e9488695c68807a24a872296cb9dba40bd444694
  Crashlytics: 540b7e5f5da5a042647227a5e3ac51d85eed06df
  DevMateKit: a7a46f498d4c549125109d826e858a49d508cbb8
  Fabric: 706c8b8098fff96c33c0db69cbf81f9c551d0d74
  MASPreferences: c08b8622dd17b47da87669e741efd7c92e970e8c
  MASShortcut: d9e4909e878661cc42877cc9d6efbe638273ab57

PODFILE CHECKSUM: 8308debeef5349374b5b7b3aea075efaba8cf466

COCOAPODS: 1.8.4
